// !$*UTF8*$!
{
	archiveVersion = 1;
	classes = {
	};
	objectVersion = 50;
	objects = {

/* Begin PBXBuildFile section */
		841985D4268420E100DBBEEF /* AppDelegate.swift in Sources */ = {isa = PBXBuildFile; fileRef = 841985D3268420E100DBBEEF /* AppDelegate.swift */; };
		841985D6268420E100DBBEEF /* SceneDelegate.swift in Sources */ = {isa = PBXBuildFile; fileRef = 841985D5268420E100DBBEEF /* SceneDelegate.swift */; };
		841985D8268420E100DBBEEF /* ViewController.swift in Sources */ = {isa = PBXBuildFile; fileRef = 841985D7268420E100DBBEEF /* ViewController.swift */; };
		841985DB268420E100DBBEEF /* Main.storyboard in Resources */ = {isa = PBXBuildFile; fileRef = 841985D9268420E100DBBEEF /* Main.storyboard */; };
		841985DD268420E300DBBEEF /* Assets.xcassets in Resources */ = {isa = PBXBuildFile; fileRef = 841985DC268420E300DBBEEF /* Assets.xcassets */; };
		841985E0268420E300DBBEEF /* LaunchScreen.storyboard in Resources */ = {isa = PBXBuildFile; fileRef = 841985DE268420E300DBBEEF /* LaunchScreen.storyboard */; };
		841985EA2684215A00DBBEEF /* MainViewController.swift in Sources */ = {isa = PBXBuildFile; fileRef = 841985E82684215A00DBBEEF /* MainViewController.swift */; };
		841985EB2684215A00DBBEEF /* MainViewController.xib in Resources */ = {isa = PBXBuildFile; fileRef = 841985E92684215A00DBBEEF /* MainViewController.xib */; };
		841985EF268424A900DBBEEF /* NewsTableViewCell.swift in Sources */ = {isa = PBXBuildFile; fileRef = 841985ED268424A900DBBEEF /* NewsTableViewCell.swift */; };
		841985F0268424A900DBBEEF /* NewsTableViewCell.xib in Resources */ = {isa = PBXBuildFile; fileRef = 841985EE268424A900DBBEEF /* NewsTableViewCell.xib */; };
		841985F42684268100DBBEEF /* News.swift in Sources */ = {isa = PBXBuildFile; fileRef = 841985F32684268100DBBEEF /* News.swift */; };
		9E6AC91E25E92AB4EF0EF6BD /* Pods_newsApp.framework in Frameworks */ = {isa = PBXBuildFile; fileRef = 626F29AD74E16032E59D4CC6 /* Pods_newsApp.framework */; };
/* End PBXBuildFile section */

/* Begin PBXFileReference section */
		626F29AD74E16032E59D4CC6 /* Pods_newsApp.framework */ = {isa = PBXFileReference; explicitFileType = wrapper.framework; includeInIndex = 0; path = Pods_newsApp.framework; sourceTree = BUILT_PRODUCTS_DIR; };
		841985D0268420E100DBBEEF /* newsApp.app */ = {isa = PBXFileReference; explicitFileType = wrapper.application; includeInIndex = 0; path = newsApp.app; sourceTree = BUILT_PRODUCTS_DIR; };
		841985D3268420E100DBBEEF /* AppDelegate.swift */ = {isa = PBXFileReference; lastKnownFileType = sourcecode.swift; path = AppDelegate.swift; sourceTree = "<group>"; };
		841985D5268420E100DBBEEF /* SceneDelegate.swift */ = {isa = PBXFileReference; lastKnownFileType = sourcecode.swift; path = SceneDelegate.swift; sourceTree = "<group>"; };
		841985D7268420E100DBBEEF /* ViewController.swift */ = {isa = PBXFileReference; lastKnownFileType = sourcecode.swift; path = ViewController.swift; sourceTree = "<group>"; };
		841985DA268420E100DBBEEF /* Base */ = {isa = PBXFileReference; lastKnownFileType = file.storyboard; name = Base; path = Base.lproj/Main.storyboard; sourceTree = "<group>"; };
		841985DC268420E300DBBEEF /* Assets.xcassets */ = {isa = PBXFileReference; lastKnownFileType = folder.assetcatalog; path = Assets.xcassets; sourceTree = "<group>"; };
		841985DF268420E300DBBEEF /* Base */ = {isa = PBXFileReference; lastKnownFileType = file.storyboard; name = Base; path = Base.lproj/LaunchScreen.storyboard; sourceTree = "<group>"; };
		841985E1268420E300DBBEEF /* Info.plist */ = {isa = PBXFileReference; lastKnownFileType = text.plist.xml; path = Info.plist; sourceTree = "<group>"; };
		841985E82684215A00DBBEEF /* MainViewController.swift */ = {isa = PBXFileReference; lastKnownFileType = sourcecode.swift; path = MainViewController.swift; sourceTree = "<group>"; };
		841985E92684215A00DBBEEF /* MainViewController.xib */ = {isa = PBXFileReference; lastKnownFileType = file.xib; path = MainViewController.xib; sourceTree = "<group>"; };
		841985ED268424A900DBBEEF /* NewsTableViewCell.swift */ = {isa = PBXFileReference; lastKnownFileType = sourcecode.swift; path = NewsTableViewCell.swift; sourceTree = "<group>"; };
		841985EE268424A900DBBEEF /* NewsTableViewCell.xib */ = {isa = PBXFileReference; lastKnownFileType = file.xib; path = NewsTableViewCell.xib; sourceTree = "<group>"; };
		841985F32684268100DBBEEF /* News.swift */ = {isa = PBXFileReference; lastKnownFileType = sourcecode.swift; path = News.swift; sourceTree = "<group>"; };
		8DE1D4A4F0DDD822AFEAD830 /* Pods-newsApp.release.xcconfig */ = {isa = PBXFileReference; includeInIndex = 1; lastKnownFileType = text.xcconfig; name = "Pods-newsApp.release.xcconfig"; path = "Target Support Files/Pods-newsApp/Pods-newsApp.release.xcconfig"; sourceTree = "<group>"; };
		BE0FB17943E1A71C758FC361 /* Pods-newsApp.debug.xcconfig */ = {isa = PBXFileReference; includeInIndex = 1; lastKnownFileType = text.xcconfig; name = "Pods-newsApp.debug.xcconfig"; path = "Target Support Files/Pods-newsApp/Pods-newsApp.debug.xcconfig"; sourceTree = "<group>"; };
/* End PBXFileReference section */

/* Begin PBXFrameworksBuildPhase section */
		841985CD268420E100DBBEEF /* Frameworks */ = {
			isa = PBXFrameworksBuildPhase;
			buildActionMask = 2147483647;
			files = (
				9E6AC91E25E92AB4EF0EF6BD /* Pods_newsApp.framework in Frameworks */,
			);
			runOnlyForDeploymentPostprocessing = 0;
		};
/* End PBXFrameworksBuildPhase section */

/* Begin PBXGroup section */
		191EBCF804A86D859A1BBFA4 /* Frameworks */ = {
			isa = PBXGroup;
			children = (
				626F29AD74E16032E59D4CC6 /* Pods_newsApp.framework */,
			);
			name = Frameworks;
			sourceTree = "<group>";
		};
		841985C7268420E100DBBEEF = {
			isa = PBXGroup;
			children = (
				841985D2268420E100DBBEEF /* newsApp */,
				841985D1268420E100DBBEEF /* Products */,
				DC819CB45E890F719A3CE1EB /* Pods */,
				191EBCF804A86D859A1BBFA4 /* Frameworks */,
			);
			sourceTree = "<group>";
		};
		841985D1268420E100DBBEEF /* Products */ = {
			isa = PBXGroup;
			children = (
				841985D0268420E100DBBEEF /* newsApp.app */,
			);
			name = Products;
			sourceTree = "<group>";
		};
		841985D2268420E100DBBEEF /* newsApp */ = {
			isa = PBXGroup;
			children = (
				841985D3268420E100DBBEEF /* AppDelegate.swift */,
				841985D5268420E100DBBEEF /* SceneDelegate.swift */,
				841985D7268420E100DBBEEF /* ViewController.swift */,
				841985F32684268100DBBEEF /* News.swift */,
				841985E82684215A00DBBEEF /* MainViewController.swift */,
				841985E92684215A00DBBEEF /* MainViewController.xib */,
				841985ED268424A900DBBEEF /* NewsTableViewCell.swift */,
				841985EE268424A900DBBEEF /* NewsTableViewCell.xib */,
				841985D9268420E100DBBEEF /* Main.storyboard */,
				841985DC268420E300DBBEEF /* Assets.xcassets */,
				841985DE268420E300DBBEEF /* LaunchScreen.storyboard */,
				841985E1268420E300DBBEEF /* Info.plist */,
			);
			path = newsApp;
			sourceTree = "<group>";
		};
		DC819CB45E890F719A3CE1EB /* Pods */ = {
			isa = PBXGroup;
			children = (
				BE0FB17943E1A71C758FC361 /* Pods-newsApp.debug.xcconfig */,
				8DE1D4A4F0DDD822AFEAD830 /* Pods-newsApp.release.xcconfig */,
			);
			name = Pods;
			path = Pods;
			sourceTree = "<group>";
		};
/* End PBXGroup section */

/* Begin PBXNativeTarget section */
		841985CF268420E100DBBEEF /* newsApp */ = {
			isa = PBXNativeTarget;
			buildConfigurationList = 841985E4268420E300DBBEEF /* Build configuration list for PBXNativeTarget "newsApp" */;
			buildPhases = (
				31A79947312EC298867DAB2C /* [CP] Check Pods Manifest.lock */,
				841985CC268420E100DBBEEF /* Sources */,
				841985CD268420E100DBBEEF /* Frameworks */,
				841985CE268420E100DBBEEF /* Resources */,
				8C7AF1DEBF2502AE6C35DED1 /* [CP] Embed Pods Frameworks */,
			);
			buildRules = (
			);
			dependencies = (
			);
			name = newsApp;
			productName = newsApp;
			productReference = 841985D0268420E100DBBEEF /* newsApp.app */;
			productType = "com.apple.product-type.application";
		};
/* End PBXNativeTarget section */

/* Begin PBXProject section */
		841985C8268420E100DBBEEF /* Project object */ = {
			isa = PBXProject;
			attributes = {
				LastSwiftUpdateCheck = 1240;
				LastUpgradeCheck = 1240;
				TargetAttributes = {
					841985CF268420E100DBBEEF = {
						CreatedOnToolsVersion = 12.4;
					};
				};
			};
			buildConfigurationList = 841985CB268420E100DBBEEF /* Build configuration list for PBXProject "newsApp" */;
			compatibilityVersion = "Xcode 9.3";
			developmentRegion = en;
			hasScannedForEncodings = 0;
			knownRegions = (
				en,
				Base,
			);
			mainGroup = 841985C7268420E100DBBEEF;
			productRefGroup = 841985D1268420E100DBBEEF /* Products */;
			projectDirPath = "";
			projectRoot = "";
			targets = (
				841985CF268420E100DBBEEF /* newsApp */,
			);
		};
/* End PBXProject section */

/* Begin PBXResourcesBuildPhase section */
		841985CE268420E100DBBEEF /* Resources */ = {
			isa = PBXResourcesBuildPhase;
			buildActionMask = 2147483647;
			files = (
				841985E0268420E300DBBEEF /* LaunchScreen.storyboard in Resources */,
				841985DD268420E300DBBEEF /* Assets.xcassets in Resources */,
				841985DB268420E100DBBEEF /* Main.storyboard in Resources */,
				841985EB2684215A00DBBEEF /* MainViewController.xib in Resources */,
				841985F0268424A900DBBEEF /* NewsTableViewCell.xib in Resources */,
			);
			runOnlyForDeploymentPostprocessing = 0;
		};
/* End PBXResourcesBuildPhase section */

/* Begin PBXShellScriptBuildPhase section */
		31A79947312EC298867DAB2C /* [CP] Check Pods Manifest.lock */ = {
			isa = PBXShellScriptBuildPhase;
			buildActionMask = 2147483647;
			files = (
			);
			inputFileListPaths = (
			);
			inputPaths = (
				"${PODS_PODFILE_DIR_PATH}/Podfile.lock",
				"${PODS_ROOT}/Manifest.lock",
			);
			name = "[CP] Check Pods Manifest.lock";
			outputFileListPaths = (
			);
			outputPaths = (
				"$(DERIVED_FILE_DIR)/Pods-newsApp-checkManifestLockResult.txt",
			);
			runOnlyForDeploymentPostprocessing = 0;
			shellPath = /bin/sh;
			shellScript = "diff \"${PODS_PODFILE_DIR_PATH}/Podfile.lock\" \"${PODS_ROOT}/Manifest.lock\" > /dev/null\nif [ $? != 0 ] ; then\n    # print error to STDERR\n    echo \"error: The sandbox is not in sync with the Podfile.lock. Run 'pod install' or update your CocoaPods installation.\" >&2\n    exit 1\nfi\n# This output is used by Xcode 'outputs' to avoid re-running this script phase.\necho \"SUCCESS\" > \"${SCRIPT_OUTPUT_FILE_0}\"\n";
			showEnvVarsInLog = 0;
		};
		8C7AF1DEBF2502AE6C35DED1 /* [CP] Embed Pods Frameworks */ = {
			isa = PBXShellScriptBuildPhase;
			buildActionMask = 2147483647;
			files = (
			);
			inputFileListPaths = (
				"${PODS_ROOT}/Target Support Files/Pods-newsApp/Pods-newsApp-frameworks-${CONFIGURATION}-input-files.xcfilelist",
			);
			name = "[CP] Embed Pods Frameworks";
			outputFileListPaths = (
				"${PODS_ROOT}/Target Support Files/Pods-newsApp/Pods-newsApp-frameworks-${CONFIGURATION}-output-files.xcfilelist",
			);
			runOnlyForDeploymentPostprocessing = 0;
			shellPath = /bin/sh;
			shellScript = "\"${PODS_ROOT}/Target Support Files/Pods-newsApp/Pods-newsApp-frameworks.sh\"\n";
			showEnvVarsInLog = 0;
		};
/* End PBXShellScriptBuildPhase section */

/* Begin PBXSourcesBuildPhase section */
		841985CC268420E100DBBEEF /* Sources */ = {
			isa = PBXSourcesBuildPhase;
			buildActionMask = 2147483647;
			files = (
				841985F42684268100DBBEEF /* News.swift in Sources */,
				841985D8268420E100DBBEEF /* ViewController.swift in Sources */,
				841985D4268420E100DBBEEF /* AppDelegate.swift in Sources */,
				841985EF268424A900DBBEEF /* NewsTableViewCell.swift in Sources */,
				841985D6268420E100DBBEEF /* SceneDelegate.swift in Sources */,
				841985EA2684215A00DBBEEF /* MainViewController.swift in Sources */,
			);
			runOnlyForDeploymentPostprocessing = 0;
		};
/* End PBXSourcesBuildPhase section */

/* Begin PBXVariantGroup section */
		841985D9268420E100DBBEEF /* Main.storyboard */ = {
			isa = PBXVariantGroup;
			children = (
				841985DA268420E100DBBEEF /* Base */,
			);
			name = Main.storyboard;
			sourceTree = "<group>";
		};
		841985DE268420E300DBBEEF /* LaunchScreen.storyboard */ = {
			isa = PBXVariantGroup;
			children = (
				841985DF268420E300DBBEEF /* Base */,
			);
			name = LaunchScreen.storyboard;
			sourceTree = "<group>";
		};
/* End PBXVariantGroup section */

/* Begin XCBuildConfiguration section */
		841985E2268420E300DBBEEF /* Debug */ = {
			isa = XCBuildConfiguration;
			buildSettings = {
				ALWAYS_SEARCH_USER_PATHS = NO;
				CLANG_ANALYZER_NONNULL = YES;
				CLANG_ANALYZER_NUMBER_OBJECT_CONVERSION = YES_AGGRESSIVE;
				CLANG_CXX_LANGUAGE_STANDARD = "gnu++14";
				CLANG_CXX_LIBRARY = "libc++";
				CLANG_ENABLE_MODULES = YES;
				CLANG_ENABLE_OBJC_ARC = YES;
				CLANG_ENABLE_OBJC_WEAK = YES;
				CLANG_WARN_BLOCK_CAPTURE_AUTORELEASING = YES;
				CLANG_WARN_BOOL_CONVERSION = YES;
				CLANG_WARN_COMMA = YES;
				CLANG_WARN_CONSTANT_CONVERSION = YES;
				CLANG_WARN_DEPRECATED_OBJC_IMPLEMENTATIONS = YES;
				CLANG_WARN_DIRECT_OBJC_ISA_USAGE = YES_ERROR;
				CLANG_WARN_DOCUMENTATION_COMMENTS = YES;
				CLANG_WARN_EMPTY_BODY = YES;
				CLANG_WARN_ENUM_CONVERSION = YES;
				CLANG_WARN_INFINITE_RECURSION = YES;
				CLANG_WARN_INT_CONVERSION = YES;
				CLANG_WARN_NON_LITERAL_NULL_CONVERSION = YES;
				CLANG_WARN_OBJC_IMPLICIT_RETAIN_SELF = YES;
				CLANG_WARN_OBJC_LITERAL_CONVERSION = YES;
				CLANG_WARN_OBJC_ROOT_CLASS = YES_ERROR;
				CLANG_WARN_QUOTED_INCLUDE_IN_FRAMEWORK_HEADER = YES;
				CLANG_WARN_RANGE_LOOP_ANALYSIS = YES;
				CLANG_WARN_STRICT_PROTOTYPES = YES;
				CLANG_WARN_SUSPICIOUS_MOVE = YES;
				CLANG_WARN_UNGUARDED_AVAILABILITY = YES_AGGRESSIVE;
				CLANG_WARN_UNREACHABLE_CODE = YES;
				CLANG_WARN__DUPLICATE_METHOD_MATCH = YES;
				COPY_PHASE_STRIP = NO;
				DEBUG_INFORMATION_FORMAT = dwarf;
				ENABLE_STRICT_OBJC_MSGSEND = YES;
				ENABLE_TESTABILITY = YES;
				GCC_C_LANGUAGE_STANDARD = gnu11;
				GCC_DYNAMIC_NO_PIC = NO;
				GCC_NO_COMMON_BLOCKS = YES;
				GCC_OPTIMIZATION_LEVEL = 0;
				GCC_PREPROCESSOR_DEFINITIONS = (
					"DEBUG=1",
					"$(inherited)",
				);
				GCC_WARN_64_TO_32_BIT_CONVERSION = YES;
				GCC_WARN_ABOUT_RETURN_TYPE = YES_ERROR;
				GCC_WARN_UNDECLARED_SELECTOR = YES;
				GCC_WARN_UNINITIALIZED_AUTOS = YES_AGGRESSIVE;
				GCC_WARN_UNUSED_FUNCTION = YES;
				GCC_WARN_UNUSED_VARIABLE = YES;
				IPHONEOS_DEPLOYMENT_TARGET = 14.4;
				MTL_ENABLE_DEBUG_INFO = INCLUDE_SOURCE;
				MTL_FAST_MATH = YES;
				ONLY_ACTIVE_ARCH = YES;
				SDKROOT = iphoneos;
				SWIFT_ACTIVE_COMPILATION_CONDITIONS = DEBUG;
				SWIFT_OPTIMIZATION_LEVEL = "-Onone";
			};
			name = Debug;
		};
		841985E3268420E300DBBEEF /* Release */ = {
			isa = XCBuildConfiguration;
			buildSettings = {
				ALWAYS_SEARCH_USER_PATHS = NO;
				CLANG_ANALYZER_NONNULL = YES;
				CLANG_ANALYZER_NUMBER_OBJECT_CONVERSION = YES_AGGRESSIVE;
				CLANG_CXX_LANGUAGE_STANDARD = "gnu++14";
				CLANG_CXX_LIBRARY = "libc++";
				CLANG_ENABLE_MODULES = YES;
				CLANG_ENABLE_OBJC_ARC = YES;
				CLANG_ENABLE_OBJC_WEAK = YES;
				CLANG_WARN_BLOCK_CAPTURE_AUTORELEASING = YES;
				CLANG_WARN_BOOL_CONVERSION = YES;
				CLANG_WARN_COMMA = YES;
				CLANG_WARN_CONSTANT_CONVERSION = YES;
				CLANG_WARN_DEPRECATED_OBJC_IMPLEMENTATIONS = YES;
				CLANG_WARN_DIRECT_OBJC_ISA_USAGE = YES_ERROR;
				CLANG_WARN_DOCUMENTATION_COMMENTS = YES;
				CLANG_WARN_EMPTY_BODY = YES;
				CLANG_WARN_ENUM_CONVERSION = YES;
				CLANG_WARN_INFINITE_RECURSION = YES;
				CLANG_WARN_INT_CONVERSION = YES;
				CLANG_WARN_NON_LITERAL_NULL_CONVERSION = YES;
				CLANG_WARN_OBJC_IMPLICIT_RETAIN_SELF = YES;
				CLANG_WARN_OBJC_LITERAL_CONVERSION = YES;
				CLANG_WARN_OBJC_ROOT_CLASS = YES_ERROR;
				CLANG_WARN_QUOTED_INCLUDE_IN_FRAMEWORK_HEADER = YES;
				CLANG_WARN_RANGE_LOOP_ANALYSIS = YES;
				CLANG_WARN_STRICT_PROTOTYPES = YES;
				CLANG_WARN_SUSPICIOUS_MOVE = YES;
				CLANG_WARN_UNGUARDED_AVAILABILITY = YES_AGGRESSIVE;
				CLANG_WARN_UNREACHABLE_CODE = YES;
				CLANG_WARN__DUPLICATE_METHOD_MATCH = YES;
				COPY_PHASE_STRIP = NO;
				DEBUG_INFORMATION_FORMAT = "dwarf-with-dsym";
				ENABLE_NS_ASSERTIONS = NO;
				ENABLE_STRICT_OBJC_MSGSEND = YES;
				GCC_C_LANGUAGE_STANDARD = gnu11;
				GCC_NO_COMMON_BLOCKS = YES;
				GCC_WARN_64_TO_32_BIT_CONVERSION = YES;
				GCC_WARN_ABOUT_RETURN_TYPE = YES_ERROR;
				GCC_WARN_UNDECLARED_SELECTOR = YES;
				GCC_WARN_UNINITIALIZED_AUTOS = YES_AGGRESSIVE;
				GCC_WARN_UNUSED_FUNCTION = YES;
				GCC_WARN_UNUSED_VARIABLE = YES;
				IPHONEOS_DEPLOYMENT_TARGET = 14.4;
				MTL_ENABLE_DEBUG_INFO = NO;
				MTL_FAST_MATH = YES;
				SDKROOT = iphoneos;
				SWIFT_COMPILATION_MODE = wholemodule;
				SWIFT_OPTIMIZATION_LEVEL = "-O";
				VALIDATE_PRODUCT = YES;
			};
			name = Release;
		};
		841985E5268420E300DBBEEF /* Debug */ = {
			isa = XCBuildConfiguration;
			baseConfigurationReference = BE0FB17943E1A71C758FC361 /* Pods-newsApp.debug.xcconfig */;
			buildSettings = {
				ASSETCATALOG_COMPILER_APPICON_NAME = AppIcon;
				ASSETCATALOG_COMPILER_GLOBAL_ACCENT_COLOR_NAME = AccentColor;
				CODE_SIGN_STYLE = Automatic;
				INFOPLIST_FILE = newsApp/Info.plist;
				LD_RUNPATH_SEARCH_PATHS = (
					"$(inherited)",
					"@executable_path/Frameworks",
				);
				PRODUCT_BUNDLE_IDENTIFIER = hoc.newsApp;
				PRODUCT_NAME = "$(TARGET_NAME)";
				SWIFT_VERSION = 5.0;
				TARGETED_DEVICE_FAMILY = "1,2";
			};
			name = Debug;
		};
		841985E6268420E300DBBEEF /* Release */ = {
			isa = XCBuildConfiguration;
			baseConfigurationReference = 8DE1D4A4F0DDD822AFEAD830 /* Pods-newsApp.release.xcconfig */;
			buildSettings = {
				ASSETCATALOG_COMPILER_APPICON_NAME = AppIcon;
				ASSETCATALOG_COMPILER_GLOBAL_ACCENT_COLOR_NAME = AccentColor;
				CODE_SIGN_STYLE = Automatic;
				INFOPLIST_FILE = newsApp/Info.plist;
				LD_RUNPATH_SEARCH_PATHS = (
					"$(inherited)",
					"@executable_path/Frameworks",
				);
				PRODUCT_BUNDLE_IDENTIFIER = hoc.newsApp;
				PRODUCT_NAME = "$(TARGET_NAME)";
				SWIFT_VERSION = 5.0;
				TARGETED_DEVICE_FAMILY = "1,2";
			};
			name = Release;
		};
/* End XCBuildConfiguration section */

/* Begin XCConfigurationList section */
		841985CB268420E100DBBEEF /* Build configuration list for PBXProject "newsApp" */ = {
			isa = XCConfigurationList;
			buildConfigurations = (
				841985E2268420E300DBBEEF /* Debug */,
				841985E3268420E300DBBEEF /* Release */,
			);
			defaultConfigurationIsVisible = 0;
			defaultConfigurationName = Release;
		};
		841985E4268420E300DBBEEF /* Build configuration list for PBXNativeTarget "newsApp" */ = {
			isa = XCConfigurationList;
			buildConfigurations = (
				841985E5268420E300DBBEEF /* Debug */,
				841985E6268420E300DBBEEF /* Release */,
			);
			defaultConfigurationIsVisible = 0;
			defaultConfigurationName = Release;
		};
/* End XCConfigurationList section */
	};
	rootObject = 841985C8268420E100DBBEEF /* Project object */;
}
